
Microsoft Visual Studio Solution File, Format Version 12.00
# Visual Studio Version 17
VisualStudioVersion = 17.6.33717.318
MinimumVisualStudioVersion = 10.0.40219.1
Project("{FAE04EC0-301F-11D3-BF4B-00C04F79EFBC}") = "AutenticacaoJWT_dio", "AutenticacaoJWT_dio\AutenticacaoJWT_dio.csproj", "{2CA2A8FB-8D11-4366-8B71-9CAAC45C7AAB}"
EndProject
Global
	GlobalSection(SolutionConfigurationPlatforms) = preSolution
		Debug|Any CPU = Debug|Any CPU
		Release|Any CPU = Release|Any CPU
	EndGlobalSection
	GlobalSection(ProjectConfigurationPlatforms) = postSolution
		{2CA2A8FB-8D11-4366-8B71-9CAAC45C7AAB}.Debug|Any CPU.ActiveCfg = Debug|Any CPU
		{2CA2A8FB-8D11-4366-8B71-9CAAC45C7AAB}.Debug|Any CPU.Build.0 = Debug|Any CPU
		{2CA2A8FB-8D11-4366-8B71-9CAAC45C7AAB}.Release|Any CPU.ActiveCfg = Release|Any CPU
		{2CA2A8FB-8D11-4366-8B71-9CAAC45C7AAB}.Release|Any CPU.Build.0 = Release|Any CPU
	EndGlobalSection
	GlobalSection(SolutionProperties) = preSolution
		HideSolutionNode = FALSE
	EndGlobalSection
	GlobalSection(ExtensibilityGlobals) = postSolution
		SolutionGuid = {7C10AD67-2CB5-4204-BD0F-8B91EBD5775C}
	EndGlobalSection
EndGlobal
